
Microsoft Visual Studio Solution File, Format Version 12.00
# Visual Studio 15
VisualStudioVersion = 15.0.28307.902
MinimumVisualStudioVersion = 10.0.40219.1
Project("{FAE04EC0-301F-11D3-BF4B-00C04F79EFBC}") = "ConsoleApp1", "ConsoleApp1\ConsoleApp1.csproj", "{7A9A18D7-3198-48B9-A802-F942B6AEB875}"
EndProject
Project("{FAE04EC0-301F-11D3-BF4B-00C04F79EFBC}") = "TwoWayLinkedList", "TwoWayLinkedList\TwoWayLinkedList.csproj", "{0D54D118-CFC4-4194-8F9F-4048EE0A25B0}"
EndProject
Project("{9A19103F-16F7-4668-BE54-9A1E7A4F7556}") = "Joseph", "Joseph\Joseph.csproj", "{EA753AFD-BCF0-4B30-920F-567147E0F060}"
EndProject
Project("{9A19103F-16F7-4668-BE54-9A1E7A4F7556}") = "Stack", "Stack\Stack.csproj", "{25B3F6F5-0A2A-4FE2-8756-E8D267FC2B5B}"
EndProject
Project("{9A19103F-16F7-4668-BE54-9A1E7A4F7556}") = "EightQueen", "EightQueen\EightQueen.csproj", "{F2929FF8-EA94-40D1-88D9-72FCF284CB77}"
EndProject
Project("{9A19103F-16F7-4668-BE54-9A1E7A4F7556}") = "InsertSort", "InsertSort\InsertSort.csproj", "{8FA49917-B066-492F-9965-8080E77FCC52}"
EndProject
Project("{9A19103F-16F7-4668-BE54-9A1E7A4F7556}") = "ShellSort", "ShellSort\ShellSort.csproj", "{68FC8FC3-CF68-4291-B1EF-4B0E64B5A9A2}"
EndProject
Project("{9A19103F-16F7-4668-BE54-9A1E7A4F7556}") = "QuickSort", "QuickSort\QuickSort.csproj", "{9004636B-0815-49FC-A994-D5ED0550C617}"
EndProject
Project("{9A19103F-16F7-4668-BE54-9A1E7A4F7556}") = "MergeSort", "MergeSort\MergeSort.csproj", "{2DDF4992-346A-4B16-A57A-B30F70FFB4DB}"
EndProject
Project("{9A19103F-16F7-4668-BE54-9A1E7A4F7556}") = "RadixSort", "RadixSort\RadixSort.csproj", "{A8C027E2-D460-472E-98E9-8ABA1FE69C60}"
EndProject
Project("{9A19103F-16F7-4668-BE54-9A1E7A4F7556}") = "BinarySearch", "BinarySearch\BinarySearch.csproj", "{7449A013-6A4E-411E-B316-1CB006CFDCA1}"
EndProject
Project("{9A19103F-16F7-4668-BE54-9A1E7A4F7556}") = "Tree1", "Tree1\Tree1.csproj", "{FBEEDF4B-57A4-4406-BF04-3B9AFEA3C1D4}"
EndProject
Project("{9A19103F-16F7-4668-BE54-9A1E7A4F7556}") = "HashEmp", "HashEmp\HashEmp.csproj", "{B58C5394-55A9-4F68-A454-F18F386E2C30}"
EndProject
Project("{9A19103F-16F7-4668-BE54-9A1E7A4F7556}") = "ArrayTree", "ArrayTree\ArrayTree.csproj", "{89FE2ABD-E6FA-4A8E-90AA-E9DD08C9F751}"
EndProject
Project("{9A19103F-16F7-4668-BE54-9A1E7A4F7556}") = "ThreadedBinaryTree", "ThreadedBinaryTree\ThreadedBinaryTree.csproj", "{099F715E-93DC-4673-A78E-DCAF130108E8}"
EndProject
Project("{9A19103F-16F7-4668-BE54-9A1E7A4F7556}") = "HeapSort", "HeapSort\HeapSort.csproj", "{A219C36C-17F8-48C2-848A-3DC39D3582B1}"
EndProject
Project("{9A19103F-16F7-4668-BE54-9A1E7A4F7556}") = "HuffmanTree", "HuffmanTree\HuffmanTree.csproj", "{EED640D7-4677-434F-AF35-8D71975DA86B}"
EndProject
Project("{9A19103F-16F7-4668-BE54-9A1E7A4F7556}") = "SortedBinaryTree", "SortedBinaryTree\SortedBinaryTree.csproj", "{E1C617F0-C663-4E88-94BE-C4DDAAD05503}"
EndProject
Project("{9A19103F-16F7-4668-BE54-9A1E7A4F7556}") = "AVLTree", "AVLTree\AVLTree.csproj", "{A2F13807-BAE2-4C83-84F1-15E2895BFBA7}"
EndProject
Project("{9A19103F-16F7-4668-BE54-9A1E7A4F7556}") = "graph", "graph\graph.csproj", "{F3F90734-0127-47EF-8158-2A14C2A96331}"
EndProject
Project("{9A19103F-16F7-4668-BE54-9A1E7A4F7556}") = "DivideConquer", "DivideConquer\DivideConquer.csproj", "{FBD50C8B-6DCC-402B-9CE6-3AD1800BD088}"
EndProject
Project("{9A19103F-16F7-4668-BE54-9A1E7A4F7556}") = "KnapsackProblem", "KnapsackProblem\KnapsackProblem.csproj", "{5EC89A17-CC2B-4B61-8797-0512A59602C3}"
EndProject
Project("{9A19103F-16F7-4668-BE54-9A1E7A4F7556}") = "KMP", "KMP\KMP.csproj", "{850B080C-DC81-48C7-BD96-18BE2A543E86}"
EndProject
Project("{9A19103F-16F7-4668-BE54-9A1E7A4F7556}") = "Greedy", "Greedy\Greedy.csproj", "{9CADBD3C-1E7E-492F-A7D7-055712BDEE49}"
EndProject
Project("{9A19103F-16F7-4668-BE54-9A1E7A4F7556}") = "PrimMinimumSpanningTree", "PrimMinimumSpanningTree\PrimMinimumSpanningTree.csproj", "{05EA1304-708C-486E-AE21-A48CFA936CD5}"
EndProject
Project("{FAE04EC0-301F-11D3-BF4B-00C04F79EFBC}") = "KruskalMinimumSpanningTree", "KruskalMinimumSpanningTree\KruskalMinimumSpanningTree.csproj", "{E6E85352-6950-4A26-A660-0AB75CF7D0FB}"
EndProject
Global
	GlobalSection(SolutionConfigurationPlatforms) = preSolution
		Debug|Any CPU = Debug|Any CPU
		Release|Any CPU = Release|Any CPU
	EndGlobalSection
	GlobalSection(ProjectConfigurationPlatforms) = postSolution
		{7A9A18D7-3198-48B9-A802-F942B6AEB875}.Debug|Any CPU.ActiveCfg = Debug|Any CPU
		{7A9A18D7-3198-48B9-A802-F942B6AEB875}.Debug|Any CPU.Build.0 = Debug|Any CPU
		{7A9A18D7-3198-48B9-A802-F942B6AEB875}.Release|Any CPU.ActiveCfg = Release|Any CPU
		{7A9A18D7-3198-48B9-A802-F942B6AEB875}.Release|Any CPU.Build.0 = Release|Any CPU
		{0D54D118-CFC4-4194-8F9F-4048EE0A25B0}.Debug|Any CPU.ActiveCfg = Debug|Any CPU
		{0D54D118-CFC4-4194-8F9F-4048EE0A25B0}.Debug|Any CPU.Build.0 = Debug|Any CPU
		{0D54D118-CFC4-4194-8F9F-4048EE0A25B0}.Release|Any CPU.ActiveCfg = Release|Any CPU
		{0D54D118-CFC4-4194-8F9F-4048EE0A25B0}.Release|Any CPU.Build.0 = Release|Any CPU
		{EA753AFD-BCF0-4B30-920F-567147E0F060}.Debug|Any CPU.ActiveCfg = Debug|Any CPU
		{EA753AFD-BCF0-4B30-920F-567147E0F060}.Debug|Any CPU.Build.0 = Debug|Any CPU
		{EA753AFD-BCF0-4B30-920F-567147E0F060}.Release|Any CPU.ActiveCfg = Release|Any CPU
		{EA753AFD-BCF0-4B30-920F-567147E0F060}.Release|Any CPU.Build.0 = Release|Any CPU
		{25B3F6F5-0A2A-4FE2-8756-E8D267FC2B5B}.Debug|Any CPU.ActiveCfg = Debug|Any CPU
		{25B3F6F5-0A2A-4FE2-8756-E8D267FC2B5B}.Debug|Any CPU.Build.0 = Debug|Any CPU
		{25B3F6F5-0A2A-4FE2-8756-E8D267FC2B5B}.Release|Any CPU.ActiveCfg = Release|Any CPU
		{25B3F6F5-0A2A-4FE2-8756-E8D267FC2B5B}.Release|Any CPU.Build.0 = Release|Any CPU
		{F2929FF8-EA94-40D1-88D9-72FCF284CB77}.Debug|Any CPU.ActiveCfg = Debug|Any CPU
		{F2929FF8-EA94-40D1-88D9-72FCF284CB77}.Debug|Any CPU.Build.0 = Debug|Any CPU
		{F2929FF8-EA94-40D1-88D9-72FCF284CB77}.Release|Any CPU.ActiveCfg = Release|Any CPU
		{F2929FF8-EA94-40D1-88D9-72FCF284CB77}.Release|Any CPU.Build.0 = Release|Any CPU
		{8FA49917-B066-492F-9965-8080E77FCC52}.Debug|Any CPU.ActiveCfg = Debug|Any CPU
		{8FA49917-B066-492F-9965-8080E77FCC52}.Debug|Any CPU.Build.0 = Debug|Any CPU
		{8FA49917-B066-492F-9965-8080E77FCC52}.Release|Any CPU.ActiveCfg = Release|Any CPU
		{8FA49917-B066-492F-9965-8080E77FCC52}.Release|Any CPU.Build.0 = Release|Any CPU
		{68FC8FC3-CF68-4291-B1EF-4B0E64B5A9A2}.Debug|Any CPU.ActiveCfg = Debug|Any CPU
		{68FC8FC3-CF68-4291-B1EF-4B0E64B5A9A2}.Debug|Any CPU.Build.0 = Debug|Any CPU
		{68FC8FC3-CF68-4291-B1EF-4B0E64B5A9A2}.Release|Any CPU.ActiveCfg = Release|Any CPU
		{68FC8FC3-CF68-4291-B1EF-4B0E64B5A9A2}.Release|Any CPU.Build.0 = Release|Any CPU
		{9004636B-0815-49FC-A994-D5ED0550C617}.Debug|Any CPU.ActiveCfg = Debug|Any CPU
		{9004636B-0815-49FC-A994-D5ED0550C617}.Debug|Any CPU.Build.0 = Debug|Any CPU
		{9004636B-0815-49FC-A994-D5ED0550C617}.Release|Any CPU.ActiveCfg = Release|Any CPU
		{9004636B-0815-49FC-A994-D5ED0550C617}.Release|Any CPU.Build.0 = Release|Any CPU
		{2DDF4992-346A-4B16-A57A-B30F70FFB4DB}.Debug|Any CPU.ActiveCfg = Debug|Any CPU
		{2DDF4992-346A-4B16-A57A-B30F70FFB4DB}.Debug|Any CPU.Build.0 = Debug|Any CPU
		{2DDF4992-346A-4B16-A57A-B30F70FFB4DB}.Release|Any CPU.ActiveCfg = Release|Any CPU
		{2DDF4992-346A-4B16-A57A-B30F70FFB4DB}.Release|Any CPU.Build.0 = Release|Any CPU
		{A8C027E2-D460-472E-98E9-8ABA1FE69C60}.Debug|Any CPU.ActiveCfg = Debug|Any CPU
		{A8C027E2-D460-472E-98E9-8ABA1FE69C60}.Debug|Any CPU.Build.0 = Debug|Any CPU
		{A8C027E2-D460-472E-98E9-8ABA1FE69C60}.Release|Any CPU.ActiveCfg = Release|Any CPU
		{A8C027E2-D460-472E-98E9-8ABA1FE69C60}.Release|Any CPU.Build.0 = Release|Any CPU
		{7449A013-6A4E-411E-B316-1CB006CFDCA1}.Debug|Any CPU.ActiveCfg = Debug|Any CPU
		{7449A013-6A4E-411E-B316-1CB006CFDCA1}.Debug|Any CPU.Build.0 = Debug|Any CPU
		{7449A013-6A4E-411E-B316-1CB006CFDCA1}.Release|Any CPU.ActiveCfg = Release|Any CPU
		{7449A013-6A4E-411E-B316-1CB006CFDCA1}.Release|Any CPU.Build.0 = Release|Any CPU
		{FBEEDF4B-57A4-4406-BF04-3B9AFEA3C1D4}.Debug|Any CPU.ActiveCfg = Debug|Any CPU
		{FBEEDF4B-57A4-4406-BF04-3B9AFEA3C1D4}.Debug|Any CPU.Build.0 = Debug|Any CPU
		{FBEEDF4B-57A4-4406-BF04-3B9AFEA3C1D4}.Release|Any CPU.ActiveCfg = Release|Any CPU
		{FBEEDF4B-57A4-4406-BF04-3B9AFEA3C1D4}.Release|Any CPU.Build.0 = Release|Any CPU
		{B58C5394-55A9-4F68-A454-F18F386E2C30}.Debug|Any CPU.ActiveCfg = Debug|Any CPU
		{B58C5394-55A9-4F68-A454-F18F386E2C30}.Debug|Any CPU.Build.0 = Debug|Any CPU
		{B58C5394-55A9-4F68-A454-F18F386E2C30}.Release|Any CPU.ActiveCfg = Release|Any CPU
		{B58C5394-55A9-4F68-A454-F18F386E2C30}.Release|Any CPU.Build.0 = Release|Any CPU
		{89FE2ABD-E6FA-4A8E-90AA-E9DD08C9F751}.Debug|Any CPU.ActiveCfg = Debug|Any CPU
		{89FE2ABD-E6FA-4A8E-90AA-E9DD08C9F751}.Debug|Any CPU.Build.0 = Debug|Any CPU
		{89FE2ABD-E6FA-4A8E-90AA-E9DD08C9F751}.Release|Any CPU.ActiveCfg = Release|Any CPU
		{89FE2ABD-E6FA-4A8E-90AA-E9DD08C9F751}.Release|Any CPU.Build.0 = Release|Any CPU
		{099F715E-93DC-4673-A78E-DCAF130108E8}.Debug|Any CPU.ActiveCfg = Debug|Any CPU
		{099F715E-93DC-4673-A78E-DCAF130108E8}.Debug|Any CPU.Build.0 = Debug|Any CPU
		{099F715E-93DC-4673-A78E-DCAF130108E8}.Release|Any CPU.ActiveCfg = Release|Any CPU
		{099F715E-93DC-4673-A78E-DCAF130108E8}.Release|Any CPU.Build.0 = Release|Any CPU
		{A219C36C-17F8-48C2-848A-3DC39D3582B1}.Debug|Any CPU.ActiveCfg = Debug|Any CPU
		{A219C36C-17F8-48C2-848A-3DC39D3582B1}.Debug|Any CPU.Build.0 = Debug|Any CPU
		{A219C36C-17F8-48C2-848A-3DC39D3582B1}.Release|Any CPU.ActiveCfg = Release|Any CPU
		{A219C36C-17F8-48C2-848A-3DC39D3582B1}.Release|Any CPU.Build.0 = Release|Any CPU
		{EED640D7-4677-434F-AF35-8D71975DA86B}.Debug|Any CPU.ActiveCfg = Debug|Any CPU
		{EED640D7-4677-434F-AF35-8D71975DA86B}.Debug|Any CPU.Build.0 = Debug|Any CPU
		{EED640D7-4677-434F-AF35-8D71975DA86B}.Release|Any CPU.ActiveCfg = Release|Any CPU
		{EED640D7-4677-434F-AF35-8D71975DA86B}.Release|Any CPU.Build.0 = Release|Any CPU
		{E1C617F0-C663-4E88-94BE-C4DDAAD05503}.Debug|Any CPU.ActiveCfg = Debug|Any CPU
		{E1C617F0-C663-4E88-94BE-C4DDAAD05503}.Debug|Any CPU.Build.0 = Debug|Any CPU
		{E1C617F0-C663-4E88-94BE-C4DDAAD05503}.Release|Any CPU.ActiveCfg = Release|Any CPU
		{E1C617F0-C663-4E88-94BE-C4DDAAD05503}.Release|Any CPU.Build.0 = Release|Any CPU
		{A2F13807-BAE2-4C83-84F1-15E2895BFBA7}.Debug|Any CPU.ActiveCfg = Debug|Any CPU
		{A2F13807-BAE2-4C83-84F1-15E2895BFBA7}.Debug|Any CPU.Build.0 = Debug|Any CPU
		{A2F13807-BAE2-4C83-84F1-15E2895BFBA7}.Release|Any CPU.ActiveCfg = Release|Any CPU
		{A2F13807-BAE2-4C83-84F1-15E2895BFBA7}.Release|Any CPU.Build.0 = Release|Any CPU
		{F3F90734-0127-47EF-8158-2A14C2A96331}.Debug|Any CPU.ActiveCfg = Debug|Any CPU
		{F3F90734-0127-47EF-8158-2A14C2A96331}.Debug|Any CPU.Build.0 = Debug|Any CPU
		{F3F90734-0127-47EF-8158-2A14C2A96331}.Release|Any CPU.ActiveCfg = Release|Any CPU
		{F3F90734-0127-47EF-8158-2A14C2A96331}.Release|Any CPU.Build.0 = Release|Any CPU
		{FBD50C8B-6DCC-402B-9CE6-3AD1800BD088}.Debug|Any CPU.ActiveCfg = Debug|Any CPU
		{FBD50C8B-6DCC-402B-9CE6-3AD1800BD088}.Debug|Any CPU.Build.0 = Debug|Any CPU
		{FBD50C8B-6DCC-402B-9CE6-3AD1800BD088}.Release|Any CPU.ActiveCfg = Release|Any CPU
		{FBD50C8B-6DCC-402B-9CE6-3AD1800BD088}.Release|Any CPU.Build.0 = Release|Any CPU
		{5EC89A17-CC2B-4B61-8797-0512A59602C3}.Debug|Any CPU.ActiveCfg = Debug|Any CPU
		{5EC89A17-CC2B-4B61-8797-0512A59602C3}.Debug|Any CPU.Build.0 = Debug|Any CPU
		{5EC89A17-CC2B-4B61-8797-0512A59602C3}.Release|Any CPU.ActiveCfg = Release|Any CPU
		{5EC89A17-CC2B-4B61-8797-0512A59602C3}.Release|Any CPU.Build.0 = Release|Any CPU
		{850B080C-DC81-48C7-BD96-18BE2A543E86}.Debug|Any CPU.ActiveCfg = Debug|Any CPU
		{850B080C-DC81-48C7-BD96-18BE2A543E86}.Debug|Any CPU.Build.0 = Debug|Any CPU
		{850B080C-DC81-48C7-BD96-18BE2A543E86}.Release|Any CPU.ActiveCfg = Release|Any CPU
		{850B080C-DC81-48C7-BD96-18BE2A543E86}.Release|Any CPU.Build.0 = Release|Any CPU
		{9CADBD3C-1E7E-492F-A7D7-055712BDEE49}.Debug|Any CPU.ActiveCfg = Debug|Any CPU
		{9CADBD3C-1E7E-492F-A7D7-055712BDEE49}.Debug|Any CPU.Build.0 = Debug|Any CPU
		{9CADBD3C-1E7E-492F-A7D7-055712BDEE49}.Release|Any CPU.ActiveCfg = Release|Any CPU
		{9CADBD3C-1E7E-492F-A7D7-055712BDEE49}.Release|Any CPU.Build.0 = Release|Any CPU
		{05EA1304-708C-486E-AE21-A48CFA936CD5}.Debug|Any CPU.ActiveCfg = Debug|Any CPU
		{05EA1304-708C-486E-AE21-A48CFA936CD5}.Debug|Any CPU.Build.0 = Debug|Any CPU
		{05EA1304-708C-486E-AE21-A48CFA936CD5}.Release|Any CPU.ActiveCfg = Release|Any CPU
		{05EA1304-708C-486E-AE21-A48CFA936CD5}.Release|Any CPU.Build.0 = Release|Any CPU
		{E6E85352-6950-4A26-A660-0AB75CF7D0FB}.Debug|Any CPU.ActiveCfg = Debug|Any CPU
		{E6E85352-6950-4A26-A660-0AB75CF7D0FB}.Debug|Any CPU.Build.0 = Debug|Any CPU
		{E6E85352-6950-4A26-A660-0AB75CF7D0FB}.Release|Any CPU.ActiveCfg = Release|Any CPU
		{E6E85352-6950-4A26-A660-0AB75CF7D0FB}.Release|Any CPU.Build.0 = Release|Any CPU
	EndGlobalSection
	GlobalSection(SolutionProperties) = preSolution
		HideSolutionNode = FALSE
	EndGlobalSection
	GlobalSection(ExtensibilityGlobals) = postSolution
		SolutionGuid = {70496435-D8A1-4BD0-895F-35D33B5EACD4}
	EndGlobalSection
EndGlobal
